
Microsoft Visual Studio Solution File, Format Version 12.00
# Visual Studio Version 16
VisualStudioVersion = 16.0.31702.278
MinimumVisualStudioVersion = 10.0.40219.1
Project("{FAE04EC0-301F-11D3-BF4B-00C04F79EFBC}") = "Lesson_08_HomeWork", "Lesson_08_HomeWork\Lesson_08_HomeWork.csproj", "{3A6A27D9-3CC3-42DD-84C1-83AD2FA0B37C}"
EndProject
Global
	GlobalSection(SolutionConfigurationPlatforms) = preSolution
		Debug|Any CPU = Debug|Any CPU
		Release|Any CPU = Release|Any CPU
	EndGlobalSection
	GlobalSection(ProjectConfigurationPlatforms) = postSolution
		{3A6A27D9-3CC3-42DD-84C1-83AD2FA0B37C}.Debug|Any CPU.ActiveCfg = Debug|Any CPU
		{3A6A27D9-3CC3-42DD-84C1-83AD2FA0B37C}.Debug|Any CPU.Build.0 = Debug|Any CPU
		{3A6A27D9-3CC3-42DD-84C1-83AD2FA0B37C}.Release|Any CPU.ActiveCfg = Release|Any CPU
		{3A6A27D9-3CC3-42DD-84C1-83AD2FA0B37C}.Release|Any CPU.Build.0 = Release|Any CPU
	EndGlobalSection
	GlobalSection(SolutionProperties) = preSolution
		HideSolutionNode = FALSE
	EndGlobalSection
	GlobalSection(ExtensibilityGlobals) = postSolution
		SolutionGuid = {63A0BAD7-C901-47AE-9893-D7A7A84C8839}
	EndGlobalSection
EndGlobal
