
Microsoft Visual Studio Solution File, Format Version 12.00
# Visual Studio Version 16
VisualStudioVersion = 16.0.31702.278
MinimumVisualStudioVersion = 10.0.40219.1
Project("{FAE04EC0-301F-11D3-BF4B-00C04F79EFBC}") = "Lesson06_HomeWork", "Lesson06_HomeWork\Lesson06_HomeWork.csproj", "{D35037B7-F3F6-4D6D-9D64-7D4838D193AB}"
EndProject
Global
	GlobalSection(SolutionConfigurationPlatforms) = preSolution
		Debug|Any CPU = Debug|Any CPU
		Release|Any CPU = Release|Any CPU
	EndGlobalSection
	GlobalSection(ProjectConfigurationPlatforms) = postSolution
		{D35037B7-F3F6-4D6D-9D64-7D4838D193AB}.Debug|Any CPU.ActiveCfg = Debug|Any CPU
		{D35037B7-F3F6-4D6D-9D64-7D4838D193AB}.Debug|Any CPU.Build.0 = Debug|Any CPU
		{D35037B7-F3F6-4D6D-9D64-7D4838D193AB}.Release|Any CPU.ActiveCfg = Release|Any CPU
		{D35037B7-F3F6-4D6D-9D64-7D4838D193AB}.Release|Any CPU.Build.0 = Release|Any CPU
	EndGlobalSection
	GlobalSection(SolutionProperties) = preSolution
		HideSolutionNode = FALSE
	EndGlobalSection
	GlobalSection(ExtensibilityGlobals) = postSolution
		SolutionGuid = {3802B97E-A1C9-4D5A-B147-F4F611312AE5}
	EndGlobalSection
EndGlobal
